
Microsoft Visual Studio Solution File, Format Version 12.00
# Visual Studio 15
VisualStudioVersion = 15.0.27130.2027
MinimumVisualStudioVersion = 10.0.40219.1
Project("{8BC9CEB8-8B4A-11D0-8D11-00A0C91BC942}") = "vs-boost-built-starter", "vs-boost-built-starter\vs-boost-built-starter.vcxproj", "{8852754A-6B1C-4696-9185-76504528C675}"
EndProject
Global
	GlobalSection(SolutionConfigurationPlatforms) = preSolution
		Debug|x64 = Debug|x64
		Debug|x86 = Debug|x86
		Release|x64 = Release|x64
		Release|x86 = Release|x86
	EndGlobalSection
	GlobalSection(ProjectConfigurationPlatforms) = postSolution
		{8852754A-6B1C-4696-9185-76504528C675}.Debug|x64.ActiveCfg = Debug|x64
		{8852754A-6B1C-4696-9185-76504528C675}.Debug|x64.Build.0 = Debug|x64
		{8852754A-6B1C-4696-9185-76504528C675}.Debug|x86.ActiveCfg = Debug|Win32
		{8852754A-6B1C-4696-9185-76504528C675}.Debug|x86.Build.0 = Debug|Win32
		{8852754A-6B1C-4696-9185-76504528C675}.Release|x64.ActiveCfg = Release|x64
		{8852754A-6B1C-4696-9185-76504528C675}.Release|x64.Build.0 = Release|x64
		{8852754A-6B1C-4696-9185-76504528C675}.Release|x86.ActiveCfg = Release|Win32
		{8852754A-6B1C-4696-9185-76504528C675}.Release|x86.Build.0 = Release|Win32
	EndGlobalSection
	GlobalSection(SolutionProperties) = preSolution
		HideSolutionNode = FALSE
	EndGlobalSection
	GlobalSection(ExtensibilityGlobals) = postSolution
		SolutionGuid = {03FDBAAB-05EB-44CD-A12D-F24B23DB1155}
	EndGlobalSection
EndGlobal
